
Microsoft Visual Studio Solution File, Format Version 12.00
# Visual Studio Version 16
VisualStudioVersion = 16.0.31129.286
MinimumVisualStudioVersion = 10.0.40219.1
Project("{FAE04EC0-301F-11D3-BF4B-00C04F79EFBC}") = "fortunestreetanalyzer", "fortunestreetanalyzer.csproj", "{4531F52A-2A4C-4C74-9007-AD1EB2A6B5F3}"
EndProject
Global
	GlobalSection(SolutionConfigurationPlatforms) = preSolution
		Debug|Any CPU = Debug|Any CPU
		Release|Any CPU = Release|Any CPU
	EndGlobalSection
	GlobalSection(ProjectConfigurationPlatforms) = postSolution
		{4531F52A-2A4C-4C74-9007-AD1EB2A6B5F3}.Debug|Any CPU.ActiveCfg = Debug|Any CPU
		{4531F52A-2A4C-4C74-9007-AD1EB2A6B5F3}.Debug|Any CPU.Build.0 = Debug|Any CPU
		{4531F52A-2A4C-4C74-9007-AD1EB2A6B5F3}.Release|Any CPU.ActiveCfg = Release|Any CPU
		{4531F52A-2A4C-4C74-9007-AD1EB2A6B5F3}.Release|Any CPU.Build.0 = Release|Any CPU
	EndGlobalSection
	GlobalSection(SolutionProperties) = preSolution
		HideSolutionNode = FALSE
	EndGlobalSection
	GlobalSection(ExtensibilityGlobals) = postSolution
		SolutionGuid = {E3761295-7658-4C4A-A8D4-B25669171216}
	EndGlobalSection
EndGlobal
